
Microsoft Visual Studio Solution File, Format Version 12.00
Project("{FAE04EC0-301F-11D3-BF4B-00C04F79EFBC}") = "1-Two-Sum", "1-Two-Sum\1-Two-Sum.csproj", "{99B17B9D-C5BA-4EA5-A249-CD77F2845849}"
EndProject
Global
	GlobalSection(SolutionConfigurationPlatforms) = preSolution
		Debug|Any CPU = Debug|Any CPU
		Release|Any CPU = Release|Any CPU
	EndGlobalSection
	GlobalSection(ProjectConfigurationPlatforms) = postSolution
		{99B17B9D-C5BA-4EA5-A249-CD77F2845849}.Debug|Any CPU.ActiveCfg = Debug|Any CPU
		{99B17B9D-C5BA-4EA5-A249-CD77F2845849}.Debug|Any CPU.Build.0 = Debug|Any CPU
		{99B17B9D-C5BA-4EA5-A249-CD77F2845849}.Release|Any CPU.ActiveCfg = Release|Any CPU
		{99B17B9D-C5BA-4EA5-A249-CD77F2845849}.Release|Any CPU.Build.0 = Release|Any CPU
	EndGlobalSection
EndGlobal
