
Microsoft Visual Studio Solution File, Format Version 12.00
# Visual Studio Version 17
VisualStudioVersion = 17.5.002.0
MinimumVisualStudioVersion = 10.0.40219.1
Project("{9A19103F-16F7-4668-BE54-9A1E7A4F7556}") = "21-Merge-Two-Sorted-Lists", "21-Merge-Two-Sorted-Lists.csproj", "{46631D73-D417-4DB1-8FE6-00F5C31AB94E}"
EndProject
Global
	GlobalSection(SolutionConfigurationPlatforms) = preSolution
		Debug|Any CPU = Debug|Any CPU
		Release|Any CPU = Release|Any CPU
	EndGlobalSection
	GlobalSection(ProjectConfigurationPlatforms) = postSolution
		{46631D73-D417-4DB1-8FE6-00F5C31AB94E}.Debug|Any CPU.ActiveCfg = Debug|Any CPU
		{46631D73-D417-4DB1-8FE6-00F5C31AB94E}.Debug|Any CPU.Build.0 = Debug|Any CPU
		{46631D73-D417-4DB1-8FE6-00F5C31AB94E}.Release|Any CPU.ActiveCfg = Release|Any CPU
		{46631D73-D417-4DB1-8FE6-00F5C31AB94E}.Release|Any CPU.Build.0 = Release|Any CPU
	EndGlobalSection
	GlobalSection(SolutionProperties) = preSolution
		HideSolutionNode = FALSE
	EndGlobalSection
	GlobalSection(ExtensibilityGlobals) = postSolution
		SolutionGuid = {7E8C7741-F804-4F79-A841-EC9D577860B2}
	EndGlobalSection
EndGlobal
